PODS:
  - Flutter (1.0.0)
  - spine_flutter (0.0.1):
    - Flutter

DEPENDENCIES:
  - Flutter (from `Flutter`)
  - spine_flutter (from `.symlinks/plugins/spine_flutter/ios`)

EXTERNAL SOURCES:
  Flutter:
    :path: Flutter
  spine_flutter:
    :path: ".symlinks/plugins/spine_flutter/ios"

SPEC CHECKSUMS:
  Flutter: e0871f40cf51350855a761d2e70bf5af5b9b5de7
  spine_flutter: 6181f4ff23c3d7b53a656057e290c8f76f304a2a

PODFILE CHECKSUM: c4c93c5f6502fe2754f48404d3594bf779584011

COCOAPODS: 1.16.2
